<?xml version="1.0" encoding="utf-8"?>
<Project ToolsVersion="4.0" xmlns="http://schemas.microsoft.com/developer/msbuild/2003">
  <ItemGroup>
    <Filter Include="Source Files">
      <UniqueIdentifier>{4FC737F1-C7A5-4376-A066-2A32D752A2FF}</UniqueIdentifier>
      <Extensions>cpp;c;cc;cxx;c++;cppm;ixx;def;odl;idl;hpj;bat;asm;asmx</Extensions>
    </Filter>
    <Filter Include="Header Files">
      <UniqueIdentifier>{93995380-89BD-4b04-88EB-625FBE52EBFB}</UniqueIdentifier>
      <Extensions>h;hh;hpp;hxx;h++;hm;inl;inc;ipp;xsd</Extensions>
    </Filter>
    <Filter Include="Resource Files">
      <UniqueIdentifier>{67DA6AB6-F800-4c08-8B7A-83BB121AAD01}</UniqueIdentifier>
      <Extensions>rc;ico;cur;bmp;dlg;rc2;rct;bin;rgs;gif;jpg;jpeg;jpe;resx;tiff;tif;png;wav;mfcribbon-ms</Extensions>
    </Filter>
    <Filter Include="Source Files\Rendering">
      <UniqueIdentifier>{18e13015-e560-4540-b57d-121e240e8d93}</UniqueIdentifier>
    </Filter>
    <Filter Include="Source Files\Textures">
      <UniqueIdentifier>{d317f6b0-0d3a-42e0-a19c-cb2671897c15}</UniqueIdentifier>
    </Filter>
    <Filter Include="Source Files\Camera">
      <UniqueIdentifier>{a20a9c05-99a8-4f4b-841a-ee8edcdbb0fd}</UniqueIdentifier>
    </Filter>
  </ItemGroup>
  <ItemGroup>
    <ClCompile Include="main.cpp">
      <Filter>Source Files</Filter>
    </ClCompile>
    <ClCompile Include="..\..\..\glad\src\glad.c">
      <Filter>Source Files</Filter>
    </ClCompile>
    <ClCompile Include="shader_utils.cpp">
      <Filter>Source Files\Rendering</Filter>
    </ClCompile>
    <ClCompile Include="TextureImage.cpp">
      <Filter>Source Files\Textures</Filter>
    </ClCompile>
    <ClCompile Include="Transformations.cpp">
      <Filter>Source Files</Filter>
    </ClCompile>
    <ClCompile Include="CallBacks.cpp">
      <Filter>Source Files</Filter>
    </ClCompile>
  </ItemGroup>
  <ItemGroup>
    <ClInclude Include="shader_utils.h">
      <Filter>Source Files\Rendering</Filter>
    </ClInclude>
    <ClInclude Include="shaders.h">
      <Filter>Source Files\Rendering</Filter>
    </ClInclude>
    <ClInclude Include="..\..\..\OpenGLDirectory\Include\stb_image.h">
      <Filter>Source Files\Textures</Filter>
    </ClInclude>
    <ClInclude Include="TextureImage.h">
      <Filter>Source Files\Textures</Filter>
    </ClInclude>
    <ClInclude Include="Camera.h">
      <Filter>Source Files\Camera</Filter>
    </ClInclude>
    <ClInclude Include="Transformations.h">
      <Filter>Header Files</Filter>
    </ClInclude>
    <ClInclude Include="CallBacks.h">
      <Filter>Header Files</Filter>
    </ClInclude>
  </ItemGroup>
  <ItemGroup>
    <Image Include="RED.jpg">
      <Filter>Source Files</Filter>
    </Image>
    <Image Include="..\..\..\..\FUN\9.jpg">
      <Filter>Source Files</Filter>
    </Image>
    <Image Include="..\..\..\iloveimg-converted\container.jpg">
      <Filter>Source Files</Filter>
    </Image>
    <Image Include="container2.jpg">
      <Filter>Source Files</Filter>
    </Image>
    <Image Include="container.jpg">
      <Filter>Source Files</Filter>
    </Image>
    <Image Include="..\..\..\White.jpg">
      <Filter>Source Files</Filter>
    </Image>
  </ItemGroup>
</Project>